
Microsoft Visual Studio Solution File, Format Version 12.00
# Visual Studio Version 17
VisualStudioVersion = 17.5.33414.496
MinimumVisualStudioVersion = 10.0.40219.1
Project("{FAE04EC0-301F-11D3-BF4B-00C04F79EFBC}") = "Quanlycuahangbantrasua", "Quanlycuahangbantrasua\Quanlycuahangbantrasua.csproj", "{A458F0B6-14CD-4B60-A1BF-4220D9CF1BD2}"
EndProject
Project("{FAE04EC0-301F-11D3-BF4B-00C04F79EFBC}") = "TestProject1", "TestProject1\TestProject1.csproj", "{7CDFD853-2E92-41A8-AAE6-FE314F55190D}"
EndProject
Global
	GlobalSection(SolutionConfigurationPlatforms) = preSolution
		Debug|Any CPU = Debug|Any CPU
		Release|Any CPU = Release|Any CPU
	EndGlobalSection
	GlobalSection(ProjectConfigurationPlatforms) = postSolution
		{A458F0B6-14CD-4B60-A1BF-4220D9CF1BD2}.Debug|Any CPU.ActiveCfg = Debug|Any CPU
		{A458F0B6-14CD-4B60-A1BF-4220D9CF1BD2}.Debug|Any CPU.Build.0 = Debug|Any CPU
		{A458F0B6-14CD-4B60-A1BF-4220D9CF1BD2}.Release|Any CPU.ActiveCfg = Release|Any CPU
		{A458F0B6-14CD-4B60-A1BF-4220D9CF1BD2}.Release|Any CPU.Build.0 = Release|Any CPU
		{7CDFD853-2E92-41A8-AAE6-FE314F55190D}.Debug|Any CPU.ActiveCfg = Debug|Any CPU
		{7CDFD853-2E92-41A8-AAE6-FE314F55190D}.Debug|Any CPU.Build.0 = Debug|Any CPU
		{7CDFD853-2E92-41A8-AAE6-FE314F55190D}.Release|Any CPU.ActiveCfg = Release|Any CPU
		{7CDFD853-2E92-41A8-AAE6-FE314F55190D}.Release|Any CPU.Build.0 = Release|Any CPU
	EndGlobalSection
	GlobalSection(SolutionProperties) = preSolution
		HideSolutionNode = FALSE
	EndGlobalSection
	GlobalSection(ExtensibilityGlobals) = postSolution
		SolutionGuid = {182C0A52-AE08-42BC-A5D7-47901C79A439}
	EndGlobalSection
EndGlobal
